
Microsoft Visual Studio Solution File, Format Version 12.00
# Visual Studio Version 16
VisualStudioVersion = 16.0.33920.266
MinimumVisualStudioVersion = 10.0.40219.1
Project("{FAE04EC0-301F-11D3-BF4B-00C04F79EFBC}") = "Blood donor", "Blood donor\Blood donor.csproj", "{FEBE410C-1E82-40B7-853A-68BEC3E8DABE}"
EndProject
Global
	GlobalSection(SolutionConfigurationPlatforms) = preSolution
		Debug|Any CPU = Debug|Any CPU
		Release|Any CPU = Release|Any CPU
	EndGlobalSection
	GlobalSection(ProjectConfigurationPlatforms) = postSolution
		{FEBE410C-1E82-40B7-853A-68BEC3E8DABE}.Debug|Any CPU.ActiveCfg = Debug|Any CPU
		{FEBE410C-1E82-40B7-853A-68BEC3E8DABE}.Debug|Any CPU.Build.0 = Debug|Any CPU
		{FEBE410C-1E82-40B7-853A-68BEC3E8DABE}.Release|Any CPU.ActiveCfg = Release|Any CPU
		{FEBE410C-1E82-40B7-853A-68BEC3E8DABE}.Release|Any CPU.Build.0 = Release|Any CPU
	EndGlobalSection
	GlobalSection(SolutionProperties) = preSolution
		HideSolutionNode = FALSE
	EndGlobalSection
	GlobalSection(ExtensibilityGlobals) = postSolution
		SolutionGuid = {0D2008F5-064C-4675-9C58-9F8F0481BC36}
	EndGlobalSection
EndGlobal
